# THIS IS AN AUTOGENERATED FILE. DO NOT EDIT THIS FILE DIRECTLY.
# yarn lockfile v1


bourbon@^4.3.4:
  version "4.3.4"
  resolved "https://registry.yarnpkg.com/bourbon/-/bourbon-4.3.4.tgz#4da380029e92c0c8f9764c779451a134b11e7cc3"

employer-style-base@^2.2.6:
  version "2.2.6"
  resolved "https://registry.yarnpkg.com/employer-style-base/-/employer-style-base-2.2.6.tgz#c0f3b5e4475a15e162a441d15da8a8b230af592a"
  dependencies:
    bourbon "^4.3.4"
